
Microsoft Visual Studio Solution File, Format Version 12.00
# Visual Studio 2012
Project("{FAE04EC0-301F-11D3-BF4B-00C04F79EFBC}") = "CaseReport", "CaseReport\CaseReport.csproj", "{FAC9C7BB-097F-4DA5-8F56-8A98C5C1F7E8}"
EndProject
Global
	GlobalSection(SolutionConfigurationPlatforms) = preSolution
		Debug|Any CPU = Debug|Any CPU
		Release|Any CPU = Release|Any CPU
	EndGlobalSection
	GlobalSection(ProjectConfigurationPlatforms) = postSolution
		{FAC9C7BB-097F-4DA5-8F56-8A98C5C1F7E8}.Debug|Any CPU.ActiveCfg = Debug|Any CPU
		{FAC9C7BB-097F-4DA5-8F56-8A98C5C1F7E8}.Debug|Any CPU.Build.0 = Debug|Any CPU
		{FAC9C7BB-097F-4DA5-8F56-8A98C5C1F7E8}.Release|Any CPU.ActiveCfg = Release|Any CPU
		{FAC9C7BB-097F-4DA5-8F56-8A98C5C1F7E8}.Release|Any CPU.Build.0 = Release|Any CPU
	EndGlobalSection
	GlobalSection(SolutionProperties) = preSolution
		HideSolutionNode = FALSE
	EndGlobalSection
EndGlobal
